{
    "_readme": [
        "This file locks the dependencies of your project to a known state",
        "Read more about it at https://getcomposer.org/doc/01-basic-usage.md#installing-dependencies",
        "This file is @generated automatically"
    ],
    "content-hash": "1913d8e02504aca5eaf1204ba856447b",
    "packages": [
        {
            "name": "deployer/deployer",
            "version": "v7.5.12",
            "source": {
                "type": "git",
                "url": "https://github.com/deployphp/deployer.git",
                "reference": "efc71dac9ccc86b3f9946e75d50cb106b775aae2"
            },
            "dist": {
                "type": "zip",
                "url": "https://api.github.com/repos/deployphp/deployer/zipball/efc71dac9ccc86b3f9946e75d50cb106b775aae2",
                "reference": "efc71dac9ccc86b3f9946e75d50cb106b775aae2",
                "shasum": ""
            },
            "require": {
                "ext-json": "*",
                "php": "^8.0|^7.3"
            },
            "require-dev": {
                "friendsofphp/php-cs-fixer": "^3.64",
                "pestphp/pest": "^3.3",
                "phpstan/phpstan": "^1.4",
                "phpunit/php-code-coverage": "^11.0",
                "phpunit/phpunit": "^11.4"
            },
            "bin": [
                "bin/dep"
            ],
            "type": "library",
            "notification-url": "https://packagist.org/downloads/",
            "license": [
                "MIT"
            ],
            "authors": [
                {
                    "name": "Anton Medvedev",
                    "email": "anton@medv.io"
                }
            ],
            "description": "Deployment Tool",
            "homepage": "https://deployer.org",
            "support": {
                "docs": "https://deployer.org/docs",
                "issues": "https://github.com/deployphp/deployer/issues",
                "source": "https://github.com/deployphp/deployer"
            },
            "funding": [
                {
                    "url": "https://github.com/sponsors/antonmedv",
                    "type": "github"
                }
            ],
            "time": "2025-02-19T16:45:27+00:00"
        }
    ],
    "packages-dev": [
        {
            "name": "ergebnis/composer-normalize",
            "version": "2.45.0",
            "source": {
                "type": "git",
                "url": "https://github.com/ergebnis/composer-normalize.git",
                "reference": "bb82b484bed2556da6311b9eff779fa7e73ce937"
            },
            "dist": {
                "type": "zip",
                "url": "https://api.github.com/repos/ergebnis/composer-normalize/zipball/bb82b484bed2556da6311b9eff779fa7e73ce937",
                "reference": "bb82b484bed2556da6311b9eff779fa7e73ce937",
                "shasum": ""
            },
            "require": {
                "composer-plugin-api": "^2.0.0",
                "ergebnis/json": "^1.4.0",
                "ergebnis/json-normalizer": "^4.8.0",
                "ergebnis/json-printer": "^3.7.0",
                "ext-json": "*",
                "justinrainbow/json-schema": "^5.2.12 || ^6.0.0",
                "localheinz/diff": "^1.2.0",
                "php": "~7.4.0 || ~8.0.0 || ~8.1.0 || ~8.2.0 || ~8.3.0 || ~8.4.0"
            },
            "require-dev": {
                "composer/composer": "^2.8.3",
                "ergebnis/license": "^2.6.0",
                "ergebnis/php-cs-fixer-config": "^6.39.0",
                "ergebnis/phpunit-slow-test-detector": "^2.17.0",
                "fakerphp/faker": "^1.24.1",
                "infection/infection": "~0.26.6",
                "phpstan/extension-installer": "^1.4.3",
                "phpstan/phpstan": "^1.12.12",
                "phpstan/phpstan-deprecation-rules": "^1.2.1",
                "phpstan/phpstan-phpunit": "^1.4.1",
                "phpstan/phpstan-strict-rules": "^1.6.1",
                "phpunit/phpunit": "^9.6.20",
                "rector/rector": "^1.2.10",
                "symfony/filesystem": "^5.4.41"
            },
            "type": "composer-plugin",
            "extra": {
                "class": "Ergebnis\\Composer\\Normalize\\NormalizePlugin",
                "branch-alias": {
                    "dev-main": "2.44-dev"
                },
                "plugin-optional": true,
                "composer-normalize": {
                    "indent-size": 2,
                    "indent-style": "space"
                }
            },
            "autoload": {
                "psr-4": {
                    "Ergebnis\\Composer\\Normalize\\": "src/"
                }
            },
            "notification-url": "https://packagist.org/downloads/",
            "license": [
                "MIT"
            ],
            "authors": [
                {
                    "name": "Andreas Möller",
                    "email": "am@localheinz.com",
                    "homepage": "https://localheinz.com"
                }
            ],
            "description": "Provides a composer plugin for normalizing composer.json.",
            "homepage": "https://github.com/ergebnis/composer-normalize",
            "keywords": [
                "composer",
                "normalize",
                "normalizer",
                "plugin"
            ],
            "support": {
                "issues": "https://github.com/ergebnis/composer-normalize/issues",
                "security": "https://github.com/ergebnis/composer-normalize/blob/main/.github/SECURITY.md",
                "source": "https://github.com/ergebnis/composer-normalize"
            },
            "time": "2024-12-04T18:36:37+00:00"
        },
        {
            "name": "ergebnis/json",
            "version": "1.4.0",
            "source": {
                "type": "git",
                "url": "https://github.com/ergebnis/json.git",
                "reference": "7656ac2aa6c2ca4408f96f599e9a17a22c464f69"
            },
            "dist": {
                "type": "zip",
                "url": "https://api.github.com/repos/ergebnis/json/zipball/7656ac2aa6c2ca4408f96f599e9a17a22c464f69",
                "reference": "7656ac2aa6c2ca4408f96f599e9a17a22c464f69",
                "shasum": ""
            },
            "require": {
                "ext-json": "*",
                "php": "~7.4.0 || ~8.0.0 || ~8.1.0 || ~8.2.0 || ~8.3.0 || ~8.4.0"
            },
            "require-dev": {
                "ergebnis/data-provider": "^3.3.0",
                "ergebnis/license": "^2.5.0",
                "ergebnis/php-cs-fixer-config": "^6.37.0",
                "ergebnis/phpunit-slow-test-detector": "^2.16.1",
                "fakerphp/faker": "^1.24.0",
                "infection/infection": "~0.26.6",
                "phpstan/extension-installer": "^1.4.3",
                "phpstan/phpstan": "^1.12.10",
                "phpstan/phpstan-deprecation-rules": "^1.2.1",
                "phpstan/phpstan-phpunit": "^1.4.0",
                "phpstan/phpstan-strict-rules": "^1.6.1",
                "phpunit/phpunit": "^9.6.18",
                "rector/rector": "^1.2.10"
            },
            "type": "library",
            "extra": {
                "composer-normalize": {
                    "indent-size": 2,
                    "indent-style": "space"
                }
            },
            "autoload": {
                "psr-4": {
                    "Ergebnis\\Json\\": "src/"
                }
            },
            "notification-url": "https://packagist.org/downloads/",
            "license": [
                "MIT"
            ],
            "authors": [
                {
                    "name": "Andreas Möller",
                    "email": "am@localheinz.com",
                    "homepage": "https://localheinz.com"
                }
            ],
            "description": "Provides a Json value object for representing a valid JSON string.",
            "homepage": "https://github.com/ergebnis/json",
            "keywords": [
                "json"
            ],
            "support": {
                "issues": "https://github.com/ergebnis/json/issues",
                "security": "https://github.com/ergebnis/json/blob/main/.github/SECURITY.md",
                "source": "https://github.com/ergebnis/json"
            },
            "time": "2024-11-17T11:51:22+00:00"
        },
        {
            "name": "ergebnis/json-normalizer",
            "version": "4.8.0",
            "source": {
                "type": "git",
                "url": "https://github.com/ergebnis/json-normalizer.git",
                "reference": "e3a477b62808f377f4fc69a50f9eb66ec102747b"
            },
            "dist": {
                "type": "zip",
                "url": "https://api.github.com/repos/ergebnis/json-normalizer/zipball/e3a477b62808f377f4fc69a50f9eb66ec102747b",
                "reference": "e3a477b62808f377f4fc69a50f9eb66ec102747b",
                "shasum": ""
            },
            "require": {
                "ergebnis/json": "^1.2.0",
                "ergebnis/json-pointer": "^3.4.0",
                "ergebnis/json-printer": "^3.5.0",
                "ergebnis/json-schema-validator": "^4.2.0",
                "ext-json": "*",
                "justinrainbow/json-schema": "^5.2.12 || ^6.0.0",
                "php": "~7.4.0 || ~8.0.0 || ~8.1.0 || ~8.2.0 || ~8.3.0 || ~8.4.0"
            },
            "require-dev": {
                "composer/semver": "^3.4.3",
                "ergebnis/composer-normalize": "^2.44.0",
                "ergebnis/data-provider": "^3.3.0",
                "ergebnis/license": "^2.5.0",
                "ergebnis/php-cs-fixer-config": "^6.37.0",
                "ergebnis/phpunit-slow-test-detector": "^2.16.1",
                "fakerphp/faker": "^1.24.0",
                "infection/infection": "~0.26.6",
                "phpstan/extension-installer": "^1.4.3",
                "phpstan/phpstan": "^1.12.10",
                "phpstan/phpstan-deprecation-rules": "^1.2.1",
                "phpstan/phpstan-phpunit": "^1.4.0",
                "phpstan/phpstan-strict-rules": "^1.6.1",
                "phpunit/phpunit": "^9.6.19",
                "rector/rector": "^1.2.10"
            },
            "suggest": {
                "composer/semver": "If you want to use ComposerJsonNormalizer or VersionConstraintNormalizer"
            },
            "type": "library",
            "extra": {
                "branch-alias": {
                    "dev-main": "4.8-dev"
                },
                "composer-normalize": {
                    "indent-size": 2,
                    "indent-style": "space"
                }
            },
            "autoload": {
                "psr-4": {
                    "Ergebnis\\Json\\Normalizer\\": "src/"
                }
            },
            "notification-url": "https://packagist.org/downloads/",
            "license": [
                "MIT"
            ],
            "authors": [
                {
                    "name": "Andreas Möller",
                    "email": "am@localheinz.com",
                    "homepage": "https://localheinz.com"
                }
            ],
            "description": "Provides generic and vendor-specific normalizers for normalizing JSON documents.",
            "homepage": "https://github.com/ergebnis/json-normalizer",
            "keywords": [
                "json",
                "normalizer"
            ],
            "support": {
                "issues": "https://github.com/ergebnis/json-normalizer/issues",
                "security": "https://github.com/ergebnis/json-normalizer/blob/main/.github/SECURITY.md",
                "source": "https://github.com/ergebnis/json-normalizer"
            },
            "time": "2024-12-04T16:48:55+00:00"
        },
        {
            "name": "ergebnis/json-pointer",
            "version": "3.6.0",
            "source": {
                "type": "git",
                "url": "https://github.com/ergebnis/json-pointer.git",
                "reference": "4fc85d8edb74466d282119d8d9541ec7cffc0798"
            },
            "dist": {
                "type": "zip",
                "url": "https://api.github.com/repos/ergebnis/json-pointer/zipball/4fc85d8edb74466d282119d8d9541ec7cffc0798",
                "reference": "4fc85d8edb74466d282119d8d9541ec7cffc0798",
                "shasum": ""
            },
            "require": {
                "php": "~7.4.0 || ~8.0.0 || ~8.1.0 || ~8.2.0 || ~8.3.0 || ~8.4.0"
            },
            "require-dev": {
                "ergebnis/composer-normalize": "^2.43.0",
                "ergebnis/data-provider": "^3.2.0",
                "ergebnis/license": "^2.4.0",
                "ergebnis/php-cs-fixer-config": "^6.32.0",
                "ergebnis/phpunit-slow-test-detector": "^2.15.0",
                "fakerphp/faker": "^1.23.1",
                "infection/infection": "~0.26.6",
                "phpstan/extension-installer": "^1.4.3",
                "phpstan/phpstan": "^1.12.10",
                "phpstan/phpstan-deprecation-rules": "^1.2.1",
                "phpstan/phpstan-phpunit": "^1.4.0",
                "phpstan/phpstan-strict-rules": "^1.6.1",
                "phpunit/phpunit": "^9.6.19",
                "rector/rector": "^1.2.10"
            },
            "type": "library",
            "extra": {
                "branch-alias": {
                    "dev-main": "3.6-dev"
                },
                "composer-normalize": {
                    "indent-size": 2,
                    "indent-style": "space"
                }
            },
            "autoload": {
                "psr-4": {
                    "Ergebnis\\Json\\Pointer\\": "src/"
                }
            },
            "notification-url": "https://packagist.org/downloads/",
            "license": [
                "MIT"
            ],
            "authors": [
                {
                    "name": "Andreas Möller",
                    "email": "am@localheinz.com",
                    "homepage": "https://localheinz.com"
                }
            ],
            "description": "Provides an abstraction of a JSON pointer.",
            "homepage": "https://github.com/ergebnis/json-pointer",
            "keywords": [
                "RFC6901",
                "json",
                "pointer"
            ],
            "support": {
                "issues": "https://github.com/ergebnis/json-pointer/issues",
                "security": "https://github.com/ergebnis/json-pointer/blob/main/.github/SECURITY.md",
                "source": "https://github.com/ergebnis/json-pointer"
            },
            "time": "2024-11-17T12:37:06+00:00"
        },
        {
            "name": "ergebnis/json-printer",
            "version": "3.7.0",
            "source": {
                "type": "git",
                "url": "https://github.com/ergebnis/json-printer.git",
                "reference": "ced41fce7854152f0e8f38793c2ffe59513cdd82"
            },
            "dist": {
                "type": "zip",
                "url": "https://api.github.com/repos/ergebnis/json-printer/zipball/ced41fce7854152f0e8f38793c2ffe59513cdd82",
                "reference": "ced41fce7854152f0e8f38793c2ffe59513cdd82",
                "shasum": ""
            },
            "require": {
                "ext-json": "*",
                "ext-mbstring": "*",
                "php": "~7.4.0 || ~8.0.0 || ~8.1.0 || ~8.2.0 || ~8.3.0 || ~8.4.0"
            },
            "require-dev": {
                "ergebnis/data-provider": "^3.3.0",
                "ergebnis/license": "^2.5.0",
                "ergebnis/php-cs-fixer-config": "^6.37.0",
                "ergebnis/phpunit-slow-test-detector": "^2.16.1",
                "fakerphp/faker": "^1.24.0",
                "infection/infection": "~0.26.6",
                "phpstan/extension-installer": "^1.4.3",
                "phpstan/phpstan": "^1.12.10",
                "phpstan/phpstan-deprecation-rules": "^1.2.1",
                "phpstan/phpstan-phpunit": "^1.4.1",
                "phpstan/phpstan-strict-rules": "^1.6.1",
                "phpunit/phpunit": "^9.6.21",
                "rector/rector": "^1.2.10"
            },
            "type": "library",
            "autoload": {
                "psr-4": {
                    "Ergebnis\\Json\\Printer\\": "src/"
                }
            },
            "notification-url": "https://packagist.org/downloads/",
            "license": [
                "MIT"
            ],
            "authors": [
                {
                    "name": "Andreas Möller",
                    "email": "am@localheinz.com",
                    "homepage": "https://localheinz.com"
                }
            ],
            "description": "Provides a JSON printer, allowing for flexible indentation.",
            "homepage": "https://github.com/ergebnis/json-printer",
            "keywords": [
                "formatter",
                "json",
                "printer"
            ],
            "support": {
                "issues": "https://github.com/ergebnis/json-printer/issues",
                "security": "https://github.com/ergebnis/json-printer/blob/main/.github/SECURITY.md",
                "source": "https://github.com/ergebnis/json-printer"
            },
            "time": "2024-11-17T11:20:51+00:00"
        },
        {
            "name": "ergebnis/json-schema-validator",
            "version": "4.4.0",
            "source": {
                "type": "git",
                "url": "https://github.com/ergebnis/json-schema-validator.git",
                "reference": "85f90c81f718aebba1d738800af83eeb447dc7ec"
            },
            "dist": {
                "type": "zip",
                "url": "https://api.github.com/repos/ergebnis/json-schema-validator/zipball/85f90c81f718aebba1d738800af83eeb447dc7ec",
                "reference": "85f90c81f718aebba1d738800af83eeb447dc7ec",
                "shasum": ""
            },
            "require": {
                "ergebnis/json": "^1.2.0",
                "ergebnis/json-pointer": "^3.4.0",
                "ext-json": "*",
                "justinrainbow/json-schema": "^5.2.12 || ^6.0.0",
                "php": "~7.4.0 || ~8.0.0 || ~8.1.0 || ~8.2.0 || ~8.3.0 || ~8.4.0"
            },
            "require-dev": {
                "ergebnis/composer-normalize": "^2.44.0",
                "ergebnis/data-provider": "^3.3.0",
                "ergebnis/license": "^2.5.0",
                "ergebnis/php-cs-fixer-config": "^6.37.0",
                "ergebnis/phpunit-slow-test-detector": "^2.16.1",
                "fakerphp/faker": "^1.24.0",
                "infection/infection": "~0.26.6",
                "phpstan/extension-installer": "^1.4.3",
                "phpstan/phpstan": "^1.12.10",
                "phpstan/phpstan-deprecation-rules": "^1.2.1",
                "phpstan/phpstan-phpunit": "^1.4.0",
                "phpstan/phpstan-strict-rules": "^1.6.1",
                "phpunit/phpunit": "^9.6.20",
                "rector/rector": "^1.2.10"
            },
            "type": "library",
            "extra": {
                "branch-alias": {
                    "dev-main": "4.4-dev"
                },
                "composer-normalize": {
                    "indent-size": 2,
                    "indent-style": "space"
                }
            },
            "autoload": {
                "psr-4": {
                    "Ergebnis\\Json\\SchemaValidator\\": "src/"
                }
            },
            "notification-url": "https://packagist.org/downloads/",
            "license": [
                "MIT"
            ],
            "authors": [
                {
                    "name": "Andreas Möller",
                    "email": "am@localheinz.com",
                    "homepage": "https://localheinz.com"
                }
            ],
            "description": "Provides a JSON schema validator, building on top of justinrainbow/json-schema.",
            "homepage": "https://github.com/ergebnis/json-schema-validator",
            "keywords": [
                "json",
                "schema",
                "validator"
            ],
            "support": {
                "issues": "https://github.com/ergebnis/json-schema-validator/issues",
                "security": "https://github.com/ergebnis/json-schema-validator/blob/main/.github/SECURITY.md",
                "source": "https://github.com/ergebnis/json-schema-validator"
            },
            "time": "2024-11-18T06:32:28+00:00"
        },
        {
            "name": "icecave/parity",
            "version": "3.0.1",
            "source": {
                "type": "git",
                "url": "https://github.com/icecave/parity.git",
                "reference": "4fe835483e0f89f0f96763c47cb9fdca26c24bdc"
            },
            "dist": {
                "type": "zip",
                "url": "https://api.github.com/repos/icecave/parity/zipball/4fe835483e0f89f0f96763c47cb9fdca26c24bdc",
                "reference": "4fe835483e0f89f0f96763c47cb9fdca26c24bdc",
                "shasum": ""
            },
            "require": {
                "icecave/repr": "^4",
                "php": ">=7.3"
            },
            "require-dev": {
                "eloquent/liberator": "^2",
                "eloquent/phony": "^5",
                "eloquent/phony-phpunit": "^7",
                "friendsofphp/php-cs-fixer": "^2",
                "phpunit/phpunit": "^9"
            },
            "type": "library",
            "autoload": {
                "psr-4": {
                    "Icecave\\Parity\\": "src"
                }
            },
            "notification-url": "https://packagist.org/downloads/",
            "license": [
                "MIT"
            ],
            "authors": [
                {
                    "name": "James Harris",
                    "email": "mailjamesharris@gmail.com",
                    "homepage": "https://github.com/jmalloc"
                }
            ],
            "description": "A customizable deep comparison library.",
            "homepage": "https://github.com/icecave/parity",
            "keywords": [
                "compare",
                "comparison",
                "equal",
                "equality",
                "greater",
                "less",
                "sort",
                "sorting"
            ],
            "support": {
                "issues": "https://github.com/icecave/parity/issues",
                "source": "https://github.com/icecave/parity/tree/3.0.1"
            },
            "time": "2021-02-04T05:51:24+00:00"
        },
        {
            "name": "icecave/repr",
            "version": "4.0.0",
            "source": {
                "type": "git",
                "url": "https://github.com/icecave/repr.git",
                "reference": "3dad35ee43394404ae0f1926d754e7b7820da8e4"
            },
            "dist": {
                "type": "zip",
                "url": "https://api.github.com/repos/icecave/repr/zipball/3dad35ee43394404ae0f1926d754e7b7820da8e4",
                "reference": "3dad35ee43394404ae0f1926d754e7b7820da8e4",
                "shasum": ""
            },
            "require": {
                "php": ">=7.2"
            },
            "require-dev": {
                "eloquent/phony-phpunit": "^6",
                "friendsofphp/php-cs-fixer": "^2",
                "phpunit/phpunit": "^8"
            },
            "type": "library",
            "autoload": {
                "psr-4": {
                    "Icecave\\Repr\\": "src"
                }
            },
            "notification-url": "https://packagist.org/downloads/",
            "license": [
                "MIT"
            ],
            "authors": [
                {
                    "name": "James Harris",
                    "email": "mailjamesharris@gmail.com",
                    "homepage": "https://github.com/jmalloc"
                }
            ],
            "description": "A library for generating string representations of any value, inspired by Python's reprlib library.",
            "homepage": "https://github.com/icecave/repr",
            "keywords": [
                "human",
                "readable",
                "repr",
                "representation",
                "string"
            ],
            "support": {
                "issues": "https://github.com/icecave/repr/issues",
                "source": "https://github.com/icecave/repr/tree/4.0.0"
            },
            "time": "2020-08-25T02:05:11+00:00"
        },
        {
            "name": "justinrainbow/json-schema",
            "version": "6.2.0",
            "source": {
                "type": "git",
                "url": "https://github.com/jsonrainbow/json-schema.git",
                "reference": "460c0a09407f4d0d47679476745c4185ff0f1961"
            },
            "dist": {
                "type": "zip",
                "url": "https://api.github.com/repos/jsonrainbow/json-schema/zipball/460c0a09407f4d0d47679476745c4185ff0f1961",
                "reference": "460c0a09407f4d0d47679476745c4185ff0f1961",
                "shasum": ""
            },
            "require": {
                "ext-json": "*",
                "icecave/parity": "^3.0",
                "marc-mabe/php-enum": "^4.0",
                "php": "^7.2 || ^8.0"
            },
            "require-dev": {
                "friendsofphp/php-cs-fixer": "3.3.0",
                "json-schema/json-schema-test-suite": "1.2.0",
                "marc-mabe/php-enum-phpstan": "^2.0",
                "phpspec/prophecy": "^1.19",
                "phpstan/phpstan": "^1.12",
                "phpunit/phpunit": "^8.5"
            },
            "bin": [
                "bin/validate-json"
            ],
            "type": "library",
            "extra": {
                "branch-alias": {
                    "dev-master": "6.x-dev"
                }
            },
            "autoload": {
                "psr-4": {
                    "JsonSchema\\": "src/JsonSchema/"
                }
            },
            "notification-url": "https://packagist.org/downloads/",
            "license": [
                "MIT"
            ],
            "authors": [
                {
                    "name": "Bruno Prieto Reis",
                    "email": "bruno.p.reis@gmail.com"
                },
                {
                    "name": "Justin Rainbow",
                    "email": "justin.rainbow@gmail.com"
                },
                {
                    "name": "Igor Wiedler",
                    "email": "igor@wiedler.ch"
                },
                {
                    "name": "Robert Schönthal",
                    "email": "seroscho@googlemail.com"
                }
            ],
            "description": "A library to validate a json schema.",
            "homepage": "https://github.com/jsonrainbow/json-schema",
            "keywords": [
                "json",
                "schema"
            ],
            "support": {
                "issues": "https://github.com/jsonrainbow/json-schema/issues",
                "source": "https://github.com/jsonrainbow/json-schema/tree/6.2.0"
            },
            "time": "2025-02-26T20:58:15+00:00"
        },
        {
            "name": "localheinz/diff",
            "version": "1.2.0",
            "source": {
                "type": "git",
                "url": "https://github.com/localheinz/diff.git",
                "reference": "ec413943c2b518464865673fd5b38f7df867a010"
            },
            "dist": {
                "type": "zip",
                "url": "https://api.github.com/repos/localheinz/diff/zipball/ec413943c2b518464865673fd5b38f7df867a010",
                "reference": "ec413943c2b518464865673fd5b38f7df867a010",
                "shasum": ""
            },
            "require": {
                "php": "~7.1.0 || ~7.2.0 || ~7.3.0 || ~7.4.0 || ~8.0.0 || ~8.1.0 || ~8.2.0 || ~8.3.0 || ~8.4.0"
            },
            "require-dev": {
                "phpunit/phpunit": "^7.5.0 || ^8.5.23",
                "symfony/process": "^4.2 || ^5"
            },
            "type": "library",
            "autoload": {
                "classmap": [
                    "src/"
                ]
            },
            "notification-url": "https://packagist.org/downloads/",
            "license": [
                "BSD-3-Clause"
            ],
            "authors": [
                {
                    "name": "Sebastian Bergmann",
                    "email": "sebastian@phpunit.de"
                },
                {
                    "name": "Kore Nordmann",
                    "email": "mail@kore-nordmann.de"
                }
            ],
            "description": "Fork of sebastian/diff for use with ergebnis/composer-normalize",
            "homepage": "https://github.com/localheinz/diff",
            "keywords": [
                "diff",
                "udiff",
                "unidiff",
                "unified diff"
            ],
            "support": {
                "issues": "https://github.com/localheinz/diff/issues",
                "source": "https://github.com/localheinz/diff/tree/1.2.0"
            },
            "time": "2024-12-04T14:16:01+00:00"
        },
        {
            "name": "marc-mabe/php-enum",
            "version": "v4.7.1",
            "source": {
                "type": "git",
                "url": "https://github.com/marc-mabe/php-enum.git",
                "reference": "7159809e5cfa041dca28e61f7f7ae58063aae8ed"
            },
            "dist": {
                "type": "zip",
                "url": "https://api.github.com/repos/marc-mabe/php-enum/zipball/7159809e5cfa041dca28e61f7f7ae58063aae8ed",
                "reference": "7159809e5cfa041dca28e61f7f7ae58063aae8ed",
                "shasum": ""
            },
            "require": {
                "ext-reflection": "*",
                "php": "^7.1 | ^8.0"
            },
            "require-dev": {
                "phpbench/phpbench": "^0.16.10 || ^1.0.4",
                "phpstan/phpstan": "^1.3.1",
                "phpunit/phpunit": "^7.5.20 | ^8.5.22 | ^9.5.11",
                "vimeo/psalm": "^4.17.0 | ^5.26.1"
            },
            "type": "library",
            "extra": {
                "branch-alias": {
                    "dev-3.x": "3.2-dev",
                    "dev-master": "4.7-dev"
                }
            },
            "autoload": {
                "psr-4": {
                    "MabeEnum\\": "src/"
                },
                "classmap": [
                    "stubs/Stringable.php"
                ]
            },
            "notification-url": "https://packagist.org/downloads/",
            "license": [
                "BSD-3-Clause"
            ],
            "authors": [
                {
                    "name": "Marc Bennewitz",
                    "email": "dev@mabe.berlin",
                    "homepage": "https://mabe.berlin/",
                    "role": "Lead"
                }
            ],
            "description": "Simple and fast implementation of enumerations with native PHP",
            "homepage": "https://github.com/marc-mabe/php-enum",
            "keywords": [
                "enum",
                "enum-map",
                "enum-set",
                "enumeration",
                "enumerator",
                "enummap",
                "enumset",
                "map",
                "set",
                "type",
                "type-hint",
                "typehint"
            ],
            "support": {
                "issues": "https://github.com/marc-mabe/php-enum/issues",
                "source": "https://github.com/marc-mabe/php-enum/tree/v4.7.1"
            },
            "time": "2024-11-28T04:54:44+00:00"
        }
    ],
    "aliases": [],
    "minimum-stability": "stable",
    "stability-flags": {},
    "prefer-stable": false,
    "prefer-lowest": false,
    "platform": {},
    "platform-dev": {},
    "plugin-api-version": "2.6.0"
}
